// !$*UTF8*$!
{
	archiveVersion = 1;
	classes = {
	};
	objectVersion = 54;
	objects = {

/* Begin PBXBuildFile section */
		52BF9337294B9FC100BCD14D /* AppDelegate.swift in Sources */ = {isa = PBXBuildFile; fileRef = 52BF9336294B9FC100BCD14D /* AppDelegate.swift */; };
		52BF9339294B9FC100BCD14D /* SceneDelegate.swift in Sources */ = {isa = PBXBuildFile; fileRef = 52BF9338294B9FC100BCD14D /* SceneDelegate.swift */; };
		52BF933B294B9FC100BCD14D /* PostViewController.swift in Sources */ = {isa = PBXBuildFile; fileRef = 52BF933A294B9FC100BCD14D /* PostViewController.swift */; };
		52BF9340294B9FC200BCD14D /* Assets.xcassets in Resources */ = {isa = PBXBuildFile; fileRef = 52BF933F294B9FC200BCD14D /* Assets.xcassets */; };
		52BF934C294BA08000BCD14D /* DataProvider.swift in Sources */ = {isa = PBXBuildFile; fileRef = 52BF934A294BA08000BCD14D /* DataProvider.swift */; };
		52BF934D294BA08000BCD14D /* Node.swift in Sources */ = {isa = PBXBuildFile; fileRef = 52BF934B294BA08000BCD14D /* Node.swift */; };
		B50765562EE60E4F00E8E0AB /* AttributedTextFactory.swift in Sources */ = {isa = PBXBuildFile; fileRef = B50765552EE60E3100E8E0AB /* AttributedTextFactory.swift */; };
		B50765582EE6148000E8E0AB /* ImageDownloader.swift in Sources */ = {isa = PBXBuildFile; fileRef = B50765572EE6147900E8E0AB /* ImageDownloader.swift */; };
		B57473842EEB8D4E008A39A5 /* BlockquoteView.swift in Sources */ = {isa = PBXBuildFile; fileRef = B57473832EEB8D48008A39A5 /* BlockquoteView.swift */; };
		B57473862EEB9B5E008A39A5 /* ImageContainerView.swift in Sources */ = {isa = PBXBuildFile; fileRef = B57473852EEB9B5A008A39A5 /* ImageContainerView.swift */; };
/* End PBXBuildFile section */

/* Begin PBXFileReference section */
		52BF9333294B9FC100BCD14D /* ios-ui-interview.app */ = {isa = PBXFileReference; explicitFileType = wrapper.application; includeInIndex = 0; path = "ios-ui-interview.app"; sourceTree = BUILT_PRODUCTS_DIR; };
		52BF9336294B9FC100BCD14D /* AppDelegate.swift */ = {isa = PBXFileReference; lastKnownFileType = sourcecode.swift; path = AppDelegate.swift; sourceTree = "<group>"; };
		52BF9338294B9FC100BCD14D /* SceneDelegate.swift */ = {isa = PBXFileReference; lastKnownFileType = sourcecode.swift; path = SceneDelegate.swift; sourceTree = "<group>"; };
		52BF933A294B9FC100BCD14D /* PostViewController.swift */ = {isa = PBXFileReference; lastKnownFileType = sourcecode.swift; path = PostViewController.swift; sourceTree = "<group>"; };
		52BF933F294B9FC200BCD14D /* Assets.xcassets */ = {isa = PBXFileReference; lastKnownFileType = folder.assetcatalog; path = Assets.xcassets; sourceTree = "<group>"; };
		52BF9344294B9FC200BCD14D /* Info.plist */ = {isa = PBXFileReference; lastKnownFileType = text.plist.xml; path = Info.plist; sourceTree = "<group>"; };
		52BF934A294BA08000BCD14D /* DataProvider.swift */ = {isa = PBXFileReference; fileEncoding = 4; lastKnownFileType = sourcecode.swift; path = DataProvider.swift; sourceTree = "<group>"; };
		52BF934B294BA08000BCD14D /* Node.swift */ = {isa = PBXFileReference; fileEncoding = 4; lastKnownFileType = sourcecode.swift; path = Node.swift; sourceTree = "<group>"; };
		B50765552EE60E3100E8E0AB /* AttributedTextFactory.swift */ = {isa = PBXFileReference; lastKnownFileType = sourcecode.swift; path = AttributedTextFactory.swift; sourceTree = "<group>"; };
		B50765572EE6147900E8E0AB /* ImageDownloader.swift */ = {isa = PBXFileReference; lastKnownFileType = sourcecode.swift; path = ImageDownloader.swift; sourceTree = "<group>"; };
		B57473832EEB8D48008A39A5 /* BlockquoteView.swift */ = {isa = PBXFileReference; lastKnownFileType = sourcecode.swift; path = BlockquoteView.swift; sourceTree = "<group>"; };
		B57473852EEB9B5A008A39A5 /* ImageContainerView.swift */ = {isa = PBXFileReference; lastKnownFileType = sourcecode.swift; path = ImageContainerView.swift; sourceTree = "<group>"; };
/* End PBXFileReference section */

/* Begin PBXFrameworksBuildPhase section */
		52BF9330294B9FC100BCD14D /* Frameworks */ = {
			isa = PBXFrameworksBuildPhase;
			buildActionMask = 2147483647;
			files = (
			);
			runOnlyForDeploymentPostprocessing = 0;
		};
/* End PBXFrameworksBuildPhase section */

/* Begin PBXGroup section */
		52BF932A294B9FC100BCD14D = {
			isa = PBXGroup;
			children = (
				52BF9335294B9FC100BCD14D /* ios-ui-interview */,
				52BF9334294B9FC100BCD14D /* Products */,
			);
			sourceTree = "<group>";
		};
		52BF9334294B9FC100BCD14D /* Products */ = {
			isa = PBXGroup;
			children = (
				52BF9333294B9FC100BCD14D /* ios-ui-interview.app */,
			);
			name = Products;
			sourceTree = "<group>";
		};
		52BF9335294B9FC100BCD14D /* ios-ui-interview */ = {
			isa = PBXGroup;
			children = (
				52BF9336294B9FC100BCD14D /* AppDelegate.swift */,
				52BF9338294B9FC100BCD14D /* SceneDelegate.swift */,
				52BF933A294B9FC100BCD14D /* PostViewController.swift */,
				52BF934A294BA08000BCD14D /* DataProvider.swift */,
				B57473832EEB8D48008A39A5 /* BlockquoteView.swift */,
				B57473852EEB9B5A008A39A5 /* ImageContainerView.swift */,
				B50765552EE60E3100E8E0AB /* AttributedTextFactory.swift */,
				B50765572EE6147900E8E0AB /* ImageDownloader.swift */,
				52BF934B294BA08000BCD14D /* Node.swift */,
				52BF933F294B9FC200BCD14D /* Assets.xcassets */,
				52BF9344294B9FC200BCD14D /* Info.plist */,
			);
			path = "ios-ui-interview";
			sourceTree = "<group>";
		};
/* End PBXGroup section */

/* Begin PBXNativeTarget section */
		52BF9332294B9FC100BCD14D /* ios-ui-interview */ = {
			isa = PBXNativeTarget;
			buildConfigurationList = 52BF9347294B9FC200BCD14D /* Build configuration list for PBXNativeTarget "ios-ui-interview" */;
			buildPhases = (
				52BF932F294B9FC100BCD14D /* Sources */,
				52BF9330294B9FC100BCD14D /* Frameworks */,
				52BF9331294B9FC100BCD14D /* Resources */,
			);
			buildRules = (
			);
			dependencies = (
			);
			name = "ios-ui-interview";
			productName = "ios-ui-interview";
			productReference = 52BF9333294B9FC100BCD14D /* ios-ui-interview.app */;
			productType = "com.apple.product-type.application";
		};
/* End PBXNativeTarget section */

/* Begin PBXProject section */
		52BF932B294B9FC100BCD14D /* Project object */ = {
			isa = PBXProject;
			attributes = {
				BuildIndependentTargetsInParallel = 1;
				LastSwiftUpdateCheck = 1400;
				LastUpgradeCheck = 1610;
				TargetAttributes = {
					52BF9332294B9FC100BCD14D = {
						CreatedOnToolsVersion = 14.0.1;
					};
				};
			};
			buildConfigurationList = 52BF932E294B9FC100BCD14D /* Build configuration list for PBXProject "ios-ui-interview" */;
			compatibilityVersion = "Xcode 12.0";
			developmentRegion = en;
			hasScannedForEncodings = 0;
			knownRegions = (
				en,
				Base,
			);
			mainGroup = 52BF932A294B9FC100BCD14D;
			productRefGroup = 52BF9334294B9FC100BCD14D /* Products */;
			projectDirPath = "";
			projectRoot = "";
			targets = (
				52BF9332294B9FC100BCD14D /* ios-ui-interview */,
			);
		};
/* End PBXProject section */

/* Begin PBXResourcesBuildPhase section */
		52BF9331294B9FC100BCD14D /* Resources */ = {
			isa = PBXResourcesBuildPhase;
			buildActionMask = 2147483647;
			files = (
				52BF9340294B9FC200BCD14D /* Assets.xcassets in Resources */,
			);
			runOnlyForDeploymentPostprocessing = 0;
		};
/* End PBXResourcesBuildPhase section */

/* Begin PBXSourcesBuildPhase section */
		52BF932F294B9FC100BCD14D /* Sources */ = {
			isa = PBXSourcesBuildPhase;
			buildActionMask = 2147483647;
			files = (
				52BF933B294B9FC100BCD14D /* PostViewController.swift in Sources */,
				B50765562EE60E4F00E8E0AB /* AttributedTextFactory.swift in Sources */,
				B57473862EEB9B5E008A39A5 /* ImageContainerView.swift in Sources */,
				B50765582EE6148000E8E0AB /* ImageDownloader.swift in Sources */,
				B57473842EEB8D4E008A39A5 /* BlockquoteView.swift in Sources */,
				52BF934D294BA08000BCD14D /* Node.swift in Sources */,
				52BF9337294B9FC100BCD14D /* AppDelegate.swift in Sources */,
				52BF934C294BA08000BCD14D /* DataProvider.swift in Sources */,
				52BF9339294B9FC100BCD14D /* SceneDelegate.swift in Sources */,
			);
			runOnlyForDeploymentPostprocessing = 0;
		};
/* End PBXSourcesBuildPhase section */

/* Begin XCBuildConfiguration section */
		52BF9345294B9FC200BCD14D /* Debug */ = {
			isa = XCBuildConfiguration;
			buildSettings = {
				ALWAYS_SEARCH_USER_PATHS = NO;
				CLANG_ANALYZER_NONNULL = YES;
				CLANG_ANALYZER_NUMBER_OBJECT_CONVERSION = YES_AGGRESSIVE;
				CLANG_CXX_LANGUAGE_STANDARD = "gnu++20";
				CLANG_ENABLE_MODULES = YES;
				CLANG_ENABLE_OBJC_ARC = YES;
				CLANG_ENABLE_OBJC_WEAK = YES;
				CLANG_WARN_BLOCK_CAPTURE_AUTORELEASING = YES;
				CLANG_WARN_BOOL_CONVERSION = YES;
				CLANG_WARN_COMMA = YES;
				CLANG_WARN_CONSTANT_CONVERSION = YES;
				CLANG_WARN_DEPRECATED_OBJC_IMPLEMENTATIONS = YES;
				CLANG_WARN_DIRECT_OBJC_ISA_USAGE = YES_ERROR;
				CLANG_WARN_DOCUMENTATION_COMMENTS = YES;
				CLANG_WARN_EMPTY_BODY = YES;
				CLANG_WARN_ENUM_CONVERSION = YES;
				CLANG_WARN_INFINITE_RECURSION = YES;
				CLANG_WARN_INT_CONVERSION = YES;
				CLANG_WARN_NON_LITERAL_NULL_CONVERSION = YES;
				CLANG_WARN_OBJC_IMPLICIT_RETAIN_SELF = YES;
				CLANG_WARN_OBJC_LITERAL_CONVERSION = YES;
				CLANG_WARN_OBJC_ROOT_CLASS = YES_ERROR;
				CLANG_WARN_QUOTED_INCLUDE_IN_FRAMEWORK_HEADER = YES;
				CLANG_WARN_RANGE_LOOP_ANALYSIS = YES;
				CLANG_WARN_STRICT_PROTOTYPES = YES;
				CLANG_WARN_SUSPICIOUS_MOVE = YES;
				CLANG_WARN_UNGUARDED_AVAILABILITY = YES_AGGRESSIVE;
				CLANG_WARN_UNREACHABLE_CODE = YES;
				CLANG_WARN__DUPLICATE_METHOD_MATCH = YES;
				COPY_PHASE_STRIP = NO;
				DEBUG_INFORMATION_FORMAT = dwarf;
				ENABLE_STRICT_OBJC_MSGSEND = YES;
				ENABLE_TESTABILITY = YES;
				ENABLE_USER_SCRIPT_SANDBOXING = YES;
				GCC_C_LANGUAGE_STANDARD = gnu11;
				GCC_DYNAMIC_NO_PIC = NO;
				GCC_NO_COMMON_BLOCKS = YES;
				GCC_OPTIMIZATION_LEVEL = 0;
				GCC_PREPROCESSOR_DEFINITIONS = (
					"DEBUG=1",
					"$(inherited)",
				);
				GCC_WARN_64_TO_32_BIT_CONVERSION = YES;
				GCC_WARN_ABOUT_RETURN_TYPE = YES_ERROR;
				GCC_WARN_UNDECLARED_SELECTOR = YES;
				GCC_WARN_UNINITIALIZED_AUTOS = YES_AGGRESSIVE;
				GCC_WARN_UNUSED_FUNCTION = YES;
				GCC_WARN_UNUSED_VARIABLE = YES;
				IPHONEOS_DEPLOYMENT_TARGET = 16.0;
				MTL_ENABLE_DEBUG_INFO = INCLUDE_SOURCE;
				MTL_FAST_MATH = YES;
				ONLY_ACTIVE_ARCH = YES;
				SDKROOT = iphoneos;
				SWIFT_ACTIVE_COMPILATION_CONDITIONS = DEBUG;
				SWIFT_OPTIMIZATION_LEVEL = "-Onone";
			};
			name = Debug;
		};
		52BF9346294B9FC200BCD14D /* Release */ = {
			isa = XCBuildConfiguration;
			buildSettings = {
				ALWAYS_SEARCH_USER_PATHS = NO;
				CLANG_ANALYZER_NONNULL = YES;
				CLANG_ANALYZER_NUMBER_OBJECT_CONVERSION = YES_AGGRESSIVE;
				CLANG_CXX_LANGUAGE_STANDARD = "gnu++20";
				CLANG_ENABLE_MODULES = YES;
				CLANG_ENABLE_OBJC_ARC = YES;
				CLANG_ENABLE_OBJC_WEAK = YES;
				CLANG_WARN_BLOCK_CAPTURE_AUTORELEASING = YES;
				CLANG_WARN_BOOL_CONVERSION = YES;
				CLANG_WARN_COMMA = YES;
				CLANG_WARN_CONSTANT_CONVERSION = YES;
				CLANG_WARN_DEPRECATED_OBJC_IMPLEMENTATIONS = YES;
				CLANG_WARN_DIRECT_OBJC_ISA_USAGE = YES_ERROR;
				CLANG_WARN_DOCUMENTATION_COMMENTS = YES;
				CLANG_WARN_EMPTY_BODY = YES;
				CLANG_WARN_ENUM_CONVERSION = YES;
				CLANG_WARN_INFINITE_RECURSION = YES;
				CLANG_WARN_INT_CONVERSION = YES;
				CLANG_WARN_NON_LITERAL_NULL_CONVERSION = YES;
				CLANG_WARN_OBJC_IMPLICIT_RETAIN_SELF = YES;
				CLANG_WARN_OBJC_LITERAL_CONVERSION = YES;
				CLANG_WARN_OBJC_ROOT_CLASS = YES_ERROR;
				CLANG_WARN_QUOTED_INCLUDE_IN_FRAMEWORK_HEADER = YES;
				CLANG_WARN_RANGE_LOOP_ANALYSIS = YES;
				CLANG_WARN_STRICT_PROTOTYPES = YES;
				CLANG_WARN_SUSPICIOUS_MOVE = YES;
				CLANG_WARN_UNGUARDED_AVAILABILITY = YES_AGGRESSIVE;
				CLANG_WARN_UNREACHABLE_CODE = YES;
				CLANG_WARN__DUPLICATE_METHOD_MATCH = YES;
				COPY_PHASE_STRIP = NO;
				DEBUG_INFORMATION_FORMAT = "dwarf-with-dsym";
				ENABLE_NS_ASSERTIONS = NO;
				ENABLE_STRICT_OBJC_MSGSEND = YES;
				ENABLE_USER_SCRIPT_SANDBOXING = YES;
				GCC_C_LANGUAGE_STANDARD = gnu11;
				GCC_NO_COMMON_BLOCKS = YES;
				GCC_WARN_64_TO_32_BIT_CONVERSION = YES;
				GCC_WARN_ABOUT_RETURN_TYPE = YES_ERROR;
				GCC_WARN_UNDECLARED_SELECTOR = YES;
				GCC_WARN_UNINITIALIZED_AUTOS = YES_AGGRESSIVE;
				GCC_WARN_UNUSED_FUNCTION = YES;
				GCC_WARN_UNUSED_VARIABLE = YES;
				IPHONEOS_DEPLOYMENT_TARGET = 16.0;
				MTL_ENABLE_DEBUG_INFO = NO;
				MTL_FAST_MATH = YES;
				SDKROOT = iphoneos;
				SWIFT_COMPILATION_MODE = wholemodule;
				SWIFT_OPTIMIZATION_LEVEL = "-O";
				VALIDATE_PRODUCT = YES;
			};
			name = Release;
		};
		52BF9348294B9FC200BCD14D /* Debug */ = {
			isa = XCBuildConfiguration;
			buildSettings = {
				ASSETCATALOG_COMPILER_APPICON_NAME = AppIcon;
				ASSETCATALOG_COMPILER_GLOBAL_ACCENT_COLOR_NAME = AccentColor;
				CODE_SIGN_STYLE = Automatic;
				CURRENT_PROJECT_VERSION = 1;
				DEVELOPMENT_TEAM = 7DGN24C3GR;
				GENERATE_INFOPLIST_FILE = YES;
				INFOPLIST_FILE = "ios-ui-interview/Info.plist";
				INFOPLIST_KEY_UIApplicationSupportsIndirectInputEvents = YES;
				INFOPLIST_KEY_UILaunchStoryboardName = LaunchScreen;
				INFOPLIST_KEY_UISupportedInterfaceOrientations_iPad = "UIInterfaceOrientationPortrait UIInterfaceOrientationPortraitUpsideDown UIInterfaceOrientationLandscapeLeft UIInterfaceOrientationLandscapeRight";
				INFOPLIST_KEY_UISupportedInterfaceOrientations_iPhone = "UIInterfaceOrientationPortrait UIInterfaceOrientationLandscapeLeft UIInterfaceOrientationLandscapeRight";
				LD_RUNPATH_SEARCH_PATHS = (
					"$(inherited)",
					"@executable_path/Frameworks",
				);
				MARKETING_VERSION = 1.0;
				PRODUCT_BUNDLE_IDENTIFIER = "substack.ios-ui-interview";
				PRODUCT_NAME = "$(TARGET_NAME)";
				SWIFT_EMIT_LOC_STRINGS = YES;
				SWIFT_VERSION = 5.0;
				TARGETED_DEVICE_FAMILY = "1,2";
			};
			name = Debug;
		};
		52BF9349294B9FC200BCD14D /* Release */ = {
			isa = XCBuildConfiguration;
			buildSettings = {
				ASSETCATALOG_COMPILER_APPICON_NAME = AppIcon;
				ASSETCATALOG_COMPILER_GLOBAL_ACCENT_COLOR_NAME = AccentColor;
				CODE_SIGN_STYLE = Automatic;
				CURRENT_PROJECT_VERSION = 1;
				DEVELOPMENT_TEAM = 7DGN24C3GR;
				GENERATE_INFOPLIST_FILE = YES;
				INFOPLIST_FILE = "ios-ui-interview/Info.plist";
				INFOPLIST_KEY_UIApplicationSupportsIndirectInputEvents = YES;
				INFOPLIST_KEY_UILaunchStoryboardName = LaunchScreen;
				INFOPLIST_KEY_UISupportedInterfaceOrientations_iPad = "UIInterfaceOrientationPortrait UIInterfaceOrientationPortraitUpsideDown UIInterfaceOrientationLandscapeLeft UIInterfaceOrientationLandscapeRight";
				INFOPLIST_KEY_UISupportedInterfaceOrientations_iPhone = "UIInterfaceOrientationPortrait UIInterfaceOrientationLandscapeLeft UIInterfaceOrientationLandscapeRight";
				LD_RUNPATH_SEARCH_PATHS = (
					"$(inherited)",
					"@executable_path/Frameworks",
				);
				MARKETING_VERSION = 1.0;
				PRODUCT_BUNDLE_IDENTIFIER = "substack.ios-ui-interview";
				PRODUCT_NAME = "$(TARGET_NAME)";
				SWIFT_EMIT_LOC_STRINGS = YES;
				SWIFT_VERSION = 5.0;
				TARGETED_DEVICE_FAMILY = "1,2";
			};
			name = Release;
		};
/* End XCBuildConfiguration section */

/* Begin XCConfigurationList section */
		52BF932E294B9FC100BCD14D /* Build configuration list for PBXProject "ios-ui-interview" */ = {
			isa = XCConfigurationList;
			buildConfigurations = (
				52BF9345294B9FC200BCD14D /* Debug */,
				52BF9346294B9FC200BCD14D /* Release */,
			);
			defaultConfigurationIsVisible = 0;
			defaultConfigurationName = Release;
		};
		52BF9347294B9FC200BCD14D /* Build configuration list for PBXNativeTarget "ios-ui-interview" */ = {
			isa = XCConfigurationList;
			buildConfigurations = (
				52BF9348294B9FC200BCD14D /* Debug */,
				52BF9349294B9FC200BCD14D /* Release */,
			);
			defaultConfigurationIsVisible = 0;
			defaultConfigurationName = Release;
		};
/* End XCConfigurationList section */
	};
	rootObject = 52BF932B294B9FC100BCD14D /* Project object */;
}
